
Microsoft Visual Studio Solution File, Format Version 12.00
# Visual Studio Version 16
VisualStudioVersion = 16.0.30204.135
MinimumVisualStudioVersion = 10.0.40219.1
Project("{FAE04EC0-301F-11D3-BF4B-00C04F79EFBC}") = "CreateCustomOfWaitCondition", "CreateCustomOfWaitCondition\CreateCustomOfWaitCondition.csproj", "{EEBBB4FE-2517-4D9D-8794-DA4F3CA8043B}"
EndProject
Global
	GlobalSection(SolutionConfigurationPlatforms) = preSolution
		Debug|Any CPU = Debug|Any CPU
		Release|Any CPU = Release|Any CPU
	EndGlobalSection
	GlobalSection(ProjectConfigurationPlatforms) = postSolution
		{EEBBB4FE-2517-4D9D-8794-DA4F3CA8043B}.Debug|Any CPU.ActiveCfg = Debug|Any CPU
		{EEBBB4FE-2517-4D9D-8794-DA4F3CA8043B}.Debug|Any CPU.Build.0 = Debug|Any CPU
		{EEBBB4FE-2517-4D9D-8794-DA4F3CA8043B}.Release|Any CPU.ActiveCfg = Release|Any CPU
		{EEBBB4FE-2517-4D9D-8794-DA4F3CA8043B}.Release|Any CPU.Build.0 = Release|Any CPU
	EndGlobalSection
	GlobalSection(SolutionProperties) = preSolution
		HideSolutionNode = FALSE
	EndGlobalSection
	GlobalSection(ExtensibilityGlobals) = postSolution
		SolutionGuid = {F85A7F05-BFEB-4DB5-A224-526DC7687E77}
	EndGlobalSection
EndGlobal
